
Microsoft Visual Studio Solution File, Format Version 12.00
# Visual Studio Version 17
VisualStudioVersion = 17.0.31903.59
MinimumVisualStudioVersion = 10.0.40219.1
Project("{2150E333-8FDC-42A3-9474-1A3956D46DE8}") = "src", "src", "{5B5381B6-F57C-4AEE-A87D-6E6742AAC5D8}"
EndProject
Project("{FAE04EC0-301F-11D3-BF4B-00C04F79EFBC}") = "UnitConversion.Api", "src\UnitConversion.Api\UnitConversion.Api.csproj", "{CE2A937C-A99B-4A0D-9D53-76740F4EAEE6}"
EndProject
Project("{2150E333-8FDC-42A3-9474-1A3956D46DE8}") = "tests", "tests", "{1F913007-7FA6-49FA-A0AC-1FA3CFEF41CE}"
EndProject
Project("{FAE04EC0-301F-11D3-BF4B-00C04F79EFBC}") = "UnitConversion.Tests", "tests\UnitConversion.Tests\UnitConversion.Tests.csproj", "{D44A962A-BE9F-4F22-8A4C-AB2DE960C96F}"
EndProject
Global
	GlobalSection(SolutionConfigurationPlatforms) = preSolution
		Debug|Any CPU = Debug|Any CPU
		Release|Any CPU = Release|Any CPU
	EndGlobalSection
	GlobalSection(SolutionProperties) = preSolution
		HideSolutionNode = FALSE
	EndGlobalSection
	GlobalSection(ProjectConfigurationPlatforms) = postSolution
		{CE2A937C-A99B-4A0D-9D53-76740F4EAEE6}.Debug|Any CPU.ActiveCfg = Debug|Any CPU
		{CE2A937C-A99B-4A0D-9D53-76740F4EAEE6}.Debug|Any CPU.Build.0 = Debug|Any CPU
		{CE2A937C-A99B-4A0D-9D53-76740F4EAEE6}.Release|Any CPU.ActiveCfg = Release|Any CPU
		{CE2A937C-A99B-4A0D-9D53-76740F4EAEE6}.Release|Any CPU.Build.0 = Release|Any CPU
		{D44A962A-BE9F-4F22-8A4C-AB2DE960C96F}.Debug|Any CPU.ActiveCfg = Debug|Any CPU
		{D44A962A-BE9F-4F22-8A4C-AB2DE960C96F}.Debug|Any CPU.Build.0 = Debug|Any CPU
		{D44A962A-BE9F-4F22-8A4C-AB2DE960C96F}.Release|Any CPU.ActiveCfg = Release|Any CPU
		{D44A962A-BE9F-4F22-8A4C-AB2DE960C96F}.Release|Any CPU.Build.0 = Release|Any CPU
	EndGlobalSection
	GlobalSection(NestedProjects) = preSolution
		{CE2A937C-A99B-4A0D-9D53-76740F4EAEE6} = {5B5381B6-F57C-4AEE-A87D-6E6742AAC5D8}
		{D44A962A-BE9F-4F22-8A4C-AB2DE960C96F} = {1F913007-7FA6-49FA-A0AC-1FA3CFEF41CE}
	EndGlobalSection
EndGlobal
